
Microsoft Visual Studio Solution File, Format Version 12.00
# Visual Studio 15
VisualStudioVersion = 15.0.26430.15
MinimumVisualStudioVersion = 10.0.40219.1
Project("{9A19103F-16F7-4668-BE54-9A1E7A4F7556}") = "Back", "Back.csproj", "{602882B6-F16C-4247-9F5D-21846BC4C09A}"
EndProject
Global
	GlobalSection(SolutionConfigurationPlatforms) = preSolution
		Debug|Any CPU = Debug|Any CPU
		Play|Any CPU = Play|Any CPU
		Release|Any CPU = Release|Any CPU
	EndGlobalSection
	GlobalSection(ProjectConfigurationPlatforms) = postSolution
		{602882B6-F16C-4247-9F5D-21846BC4C09A}.Debug|Any CPU.ActiveCfg = Debug|Any CPU
		{602882B6-F16C-4247-9F5D-21846BC4C09A}.Debug|Any CPU.Build.0 = Debug|Any CPU
		{602882B6-F16C-4247-9F5D-21846BC4C09A}.Play|Any CPU.ActiveCfg = Release|Any CPU
		{602882B6-F16C-4247-9F5D-21846BC4C09A}.Play|Any CPU.Build.0 = Release|Any CPU
		{602882B6-F16C-4247-9F5D-21846BC4C09A}.Release|Any CPU.ActiveCfg = Release|Any CPU
		{602882B6-F16C-4247-9F5D-21846BC4C09A}.Release|Any CPU.Build.0 = Release|Any CPU
	EndGlobalSection
	GlobalSection(SolutionProperties) = preSolution
		HideSolutionNode = FALSE
	EndGlobalSection
	GlobalSection(ExtensibilityGlobals) = postSolution
		SolutionGuid = {B234EC8F-0941-4974-BCB9-4D95FC63A43A}
	EndGlobalSection
EndGlobal
